// !$*UTF8*$!
{
	archiveVersion = 1;
	classes = {
	};
	objectVersion = 46;
	objects = {

/* Begin PBXBuildFile section */
		A9121A151B149EC7007375CD /* AppDelegate.swift in Sources */ = {isa = PBXBuildFile; fileRef = A9121A141B149EC7007375CD /* AppDelegate.swift */; };
		A9121A1A1B149EC7007375CD /* Main.storyboard in Resources */ = {isa = PBXBuildFile; fileRef = A9121A181B149EC7007375CD /* Main.storyboard */; };
		A9121A1C1B149EC7007375CD /* Images.xcassets in Resources */ = {isa = PBXBuildFile; fileRef = A9121A1B1B149EC7007375CD /* Images.xcassets */; };
		A9121A1F1B149EC7007375CD /* LaunchScreen.xib in Resources */ = {isa = PBXBuildFile; fileRef = A9121A1D1B149EC7007375CD /* LaunchScreen.xib */; };
		A9121A2B1B149EC7007375CD /* SmashtagTests.swift in Sources */ = {isa = PBXBuildFile; fileRef = A9121A2A1B149EC7007375CD /* SmashtagTests.swift */; };
		A9121A351B149F35007375CD /* TweetTableViewController.swift in Sources */ = {isa = PBXBuildFile; fileRef = A9121A341B149F35007375CD /* TweetTableViewController.swift */; };
		A9121A3B1B14A043007375CD /* MediaItem.swift in Sources */ = {isa = PBXBuildFile; fileRef = A9121A371B14A043007375CD /* MediaItem.swift */; };
		A9121A3C1B14A043007375CD /* Tweet.swift in Sources */ = {isa = PBXBuildFile; fileRef = A9121A381B14A043007375CD /* Tweet.swift */; };
		A9121A3D1B14A043007375CD /* TwitterRequest.swift in Sources */ = {isa = PBXBuildFile; fileRef = A9121A391B14A043007375CD /* TwitterRequest.swift */; };
		A9121A3E1B14A043007375CD /* User.swift in Sources */ = {isa = PBXBuildFile; fileRef = A9121A3A1B14A043007375CD /* User.swift */; };
		A9121A401B14B8C3007375CD /* TweetTableViewCell.swift in Sources */ = {isa = PBXBuildFile; fileRef = A9121A3F1B14B8C3007375CD /* TweetTableViewCell.swift */; };
/* End PBXBuildFile section */

/* Begin PBXContainerItemProxy section */
		A9121A251B149EC7007375CD /* PBXContainerItemProxy */ = {
			isa = PBXContainerItemProxy;
			containerPortal = A9121A071B149EC7007375CD /* Project object */;
			proxyType = 1;
			remoteGlobalIDString = A9121A0E1B149EC7007375CD;
			remoteInfo = Smashtag;
		};
/* End PBXContainerItemProxy section */

/* Begin PBXFileReference section */
		A9121A0F1B149EC7007375CD /* Smashtag.app */ = {isa = PBXFileReference; explicitFileType = wrapper.application; includeInIndex = 0; path = Smashtag.app; sourceTree = BUILT_PRODUCTS_DIR; };
		A9121A131B149EC7007375CD /* Info.plist */ = {isa = PBXFileReference; lastKnownFileType = text.plist.xml; path = Info.plist; sourceTree = "<group>"; };
		A9121A141B149EC7007375CD /* AppDelegate.swift */ = {isa = PBXFileReference; lastKnownFileType = sourcecode.swift; path = AppDelegate.swift; sourceTree = "<group>"; };
		A9121A191B149EC7007375CD /* Base */ = {isa = PBXFileReference; lastKnownFileType = file.storyboard; name = Base; path = Base.lproj/Main.storyboard; sourceTree = "<group>"; };
		A9121A1B1B149EC7007375CD /* Images.xcassets */ = {isa = PBXFileReference; lastKnownFileType = folder.assetcatalog; path = Images.xcassets; sourceTree = "<group>"; };
		A9121A1E1B149EC7007375CD /* Base */ = {isa = PBXFileReference; lastKnownFileType = file.xib; name = Base; path = Base.lproj/LaunchScreen.xib; sourceTree = "<group>"; };
		A9121A241B149EC7007375CD /* SmashtagTests.xctest */ = {isa = PBXFileReference; explicitFileType = wrapper.cfbundle; includeInIndex = 0; path = SmashtagTests.xctest; sourceTree = BUILT_PRODUCTS_DIR; };
		A9121A291B149EC7007375CD /* Info.plist */ = {isa = PBXFileReference; lastKnownFileType = text.plist.xml; path = Info.plist; sourceTree = "<group>"; };
		A9121A2A1B149EC7007375CD /* SmashtagTests.swift */ = {isa = PBXFileReference; lastKnownFileType = sourcecode.swift; path = SmashtagTests.swift; sourceTree = "<group>"; };
		A9121A341B149F35007375CD /* TweetTableViewController.swift */ = {isa = PBXFileReference; fileEncoding = 4; lastKnownFileType = sourcecode.swift; path = TweetTableViewController.swift; sourceTree = "<group>"; };
		A9121A371B14A043007375CD /* MediaItem.swift */ = {isa = PBXFileReference; fileEncoding = 4; lastKnownFileType = sourcecode.swift; path = MediaItem.swift; sourceTree = "<group>"; };
		A9121A381B14A043007375CD /* Tweet.swift */ = {isa = PBXFileReference; fileEncoding = 4; lastKnownFileType = sourcecode.swift; path = Tweet.swift; sourceTree = "<group>"; };
		A9121A391B14A043007375CD /* TwitterRequest.swift */ = {isa = PBXFileReference; fileEncoding = 4; lastKnownFileType = sourcecode.swift; path = TwitterRequest.swift; sourceTree = "<group>"; };
		A9121A3A1B14A043007375CD /* User.swift */ = {isa = PBXFileReference; fileEncoding = 4; lastKnownFileType = sourcecode.swift; path = User.swift; sourceTree = "<group>"; };
		A9121A3F1B14B8C3007375CD /* TweetTableViewCell.swift */ = {isa = PBXFileReference; fileEncoding = 4; lastKnownFileType = sourcecode.swift; path = TweetTableViewCell.swift; sourceTree = "<group>"; };
/* End PBXFileReference section */

/* Begin PBXFrameworksBuildPhase section */
		A9121A0C1B149EC7007375CD /* Frameworks */ = {
			isa = PBXFrameworksBuildPhase;
			buildActionMask = 2147483647;
			files = (
			);
			runOnlyForDeploymentPostprocessing = 0;
		};
		A9121A211B149EC7007375CD /* Frameworks */ = {
			isa = PBXFrameworksBuildPhase;
			buildActionMask = 2147483647;
			files = (
			);
			runOnlyForDeploymentPostprocessing = 0;
		};
/* End PBXFrameworksBuildPhase section */

/* Begin PBXGroup section */
		A9121A061B149EC7007375CD = {
			isa = PBXGroup;
			children = (
				A9121A111B149EC7007375CD /* Smashtag */,
				A9121A271B149EC7007375CD /* SmashtagTests */,
				A9121A101B149EC7007375CD /* Products */,
			);
			sourceTree = "<group>";
		};
		A9121A101B149EC7007375CD /* Products */ = {
			isa = PBXGroup;
			children = (
				A9121A0F1B149EC7007375CD /* Smashtag.app */,
				A9121A241B149EC7007375CD /* SmashtagTests.xctest */,
			);
			name = Products;
			sourceTree = "<group>";
		};
		A9121A111B149EC7007375CD /* Smashtag */ = {
			isa = PBXGroup;
			children = (
				A9121A361B14A043007375CD /* Twitter */,
				A9121A341B149F35007375CD /* TweetTableViewController.swift */,
				A9121A181B149EC7007375CD /* Main.storyboard */,
				A9121A3F1B14B8C3007375CD /* TweetTableViewCell.swift */,
				A9121A121B149EC7007375CD /* Supporting Files */,
			);
			path = Smashtag;
			sourceTree = "<group>";
		};
		A9121A121B149EC7007375CD /* Supporting Files */ = {
			isa = PBXGroup;
			children = (
				A9121A1B1B149EC7007375CD /* Images.xcassets */,
				A9121A1D1B149EC7007375CD /* LaunchScreen.xib */,
				A9121A141B149EC7007375CD /* AppDelegate.swift */,
				A9121A131B149EC7007375CD /* Info.plist */,
			);
			name = "Supporting Files";
			sourceTree = "<group>";
		};
		A9121A271B149EC7007375CD /* SmashtagTests */ = {
			isa = PBXGroup;
			children = (
				A9121A2A1B149EC7007375CD /* SmashtagTests.swift */,
				A9121A281B149EC7007375CD /* Supporting Files */,
			);
			path = SmashtagTests;
			sourceTree = "<group>";
		};
		A9121A281B149EC7007375CD /* Supporting Files */ = {
			isa = PBXGroup;
			children = (
				A9121A291B149EC7007375CD /* Info.plist */,
			);
			name = "Supporting Files";
			sourceTree = "<group>";
		};
		A9121A361B14A043007375CD /* Twitter */ = {
			isa = PBXGroup;
			children = (
				A9121A371B14A043007375CD /* MediaItem.swift */,
				A9121A381B14A043007375CD /* Tweet.swift */,
				A9121A391B14A043007375CD /* TwitterRequest.swift */,
				A9121A3A1B14A043007375CD /* User.swift */,
			);
			path = Twitter;
			sourceTree = "<group>";
		};
/* End PBXGroup section */

/* Begin PBXNativeTarget section */
		A9121A0E1B149EC7007375CD /* Smashtag */ = {
			isa = PBXNativeTarget;
			buildConfigurationList = A9121A2E1B149EC7007375CD /* Build configuration list for PBXNativeTarget "Smashtag" */;
			buildPhases = (
				A9121A0B1B149EC7007375CD /* Sources */,
				A9121A0C1B149EC7007375CD /* Frameworks */,
				A9121A0D1B149EC7007375CD /* Resources */,
			);
			buildRules = (
			);
			dependencies = (
			);
			name = Smashtag;
			productName = Smashtag;
			productReference = A9121A0F1B149EC7007375CD /* Smashtag.app */;
			productType = "com.apple.product-type.application";
		};
		A9121A231B149EC7007375CD /* SmashtagTests */ = {
			isa = PBXNativeTarget;
			buildConfigurationList = A9121A311B149EC7007375CD /* Build configuration list for PBXNativeTarget "SmashtagTests" */;
			buildPhases = (
				A9121A201B149EC7007375CD /* Sources */,
				A9121A211B149EC7007375CD /* Frameworks */,
				A9121A221B149EC7007375CD /* Resources */,
			);
			buildRules = (
			);
			dependencies = (
				A9121A261B149EC7007375CD /* PBXTargetDependency */,
			);
			name = SmashtagTests;
			productName = SmashtagTests;
			productReference = A9121A241B149EC7007375CD /* SmashtagTests.xctest */;
			productType = "com.apple.product-type.bundle.unit-test";
		};
/* End PBXNativeTarget section */

/* Begin PBXProject section */
		A9121A071B149EC7007375CD /* Project object */ = {
			isa = PBXProject;
			attributes = {
				LastUpgradeCheck = 0630;
				ORGANIZATIONNAME = "Mike Ocho";
				TargetAttributes = {
					A9121A0E1B149EC7007375CD = {
						CreatedOnToolsVersion = 6.3.2;
					};
					A9121A231B149EC7007375CD = {
						CreatedOnToolsVersion = 6.3.2;
						TestTargetID = A9121A0E1B149EC7007375CD;
					};
				};
			};
			buildConfigurationList = A9121A0A1B149EC7007375CD /* Build configuration list for PBXProject "Smashtag" */;
			compatibilityVersion = "Xcode 3.2";
			developmentRegion = English;
			hasScannedForEncodings = 0;
			knownRegions = (
				en,
				Base,
			);
			mainGroup = A9121A061B149EC7007375CD;
			productRefGroup = A9121A101B149EC7007375CD /* Products */;
			projectDirPath = "";
			projectRoot = "";
			targets = (
				A9121A0E1B149EC7007375CD /* Smashtag */,
				A9121A231B149EC7007375CD /* SmashtagTests */,
			);
		};
/* End PBXProject section */

/* Begin PBXResourcesBuildPhase section */
		A9121A0D1B149EC7007375CD /* Resources */ = {
			isa = PBXResourcesBuildPhase;
			buildActionMask = 2147483647;
			files = (
				A9121A1A1B149EC7007375CD /* Main.storyboard in Resources */,
				A9121A1F1B149EC7007375CD /* LaunchScreen.xib in Resources */,
				A9121A1C1B149EC7007375CD /* Images.xcassets in Resources */,
			);
			runOnlyForDeploymentPostprocessing = 0;
		};
		A9121A221B149EC7007375CD /* Resources */ = {
			isa = PBXResourcesBuildPhase;
			buildActionMask = 2147483647;
			files = (
			);
			runOnlyForDeploymentPostprocessing = 0;
		};
/* End PBXResourcesBuildPhase section */

/* Begin PBXSourcesBuildPhase section */
		A9121A0B1B149EC7007375CD /* Sources */ = {
			isa = PBXSourcesBuildPhase;
			buildActionMask = 2147483647;
			files = (
				A9121A151B149EC7007375CD /* AppDelegate.swift in Sources */,
				A9121A3D1B14A043007375CD /* TwitterRequest.swift in Sources */,
				A9121A3E1B14A043007375CD /* User.swift in Sources */,
				A9121A351B149F35007375CD /* TweetTableViewController.swift in Sources */,
				A9121A3B1B14A043007375CD /* MediaItem.swift in Sources */,
				A9121A3C1B14A043007375CD /* Tweet.swift in Sources */,
				A9121A401B14B8C3007375CD /* TweetTableViewCell.swift in Sources */,
			);
			runOnlyForDeploymentPostprocessing = 0;
		};
		A9121A201B149EC7007375CD /* Sources */ = {
			isa = PBXSourcesBuildPhase;
			buildActionMask = 2147483647;
			files = (
				A9121A2B1B149EC7007375CD /* SmashtagTests.swift in Sources */,
			);
			runOnlyForDeploymentPostprocessing = 0;
		};
/* End PBXSourcesBuildPhase section */

/* Begin PBXTargetDependency section */
		A9121A261B149EC7007375CD /* PBXTargetDependency */ = {
			isa = PBXTargetDependency;
			target = A9121A0E1B149EC7007375CD /* Smashtag */;
			targetProxy = A9121A251B149EC7007375CD /* PBXContainerItemProxy */;
		};
/* End PBXTargetDependency section */

/* Begin PBXVariantGroup section */
		A9121A181B149EC7007375CD /* Main.storyboard */ = {
			isa = PBXVariantGroup;
			children = (
				A9121A191B149EC7007375CD /* Base */,
			);
			name = Main.storyboard;
			sourceTree = "<group>";
		};
		A9121A1D1B149EC7007375CD /* LaunchScreen.xib */ = {
			isa = PBXVariantGroup;
			children = (
				A9121A1E1B149EC7007375CD /* Base */,
			);
			name = LaunchScreen.xib;
			sourceTree = "<group>";
		};
/* End PBXVariantGroup section */

/* Begin XCBuildConfiguration section */
		A9121A2C1B149EC7007375CD /* Debug */ = {
			isa = XCBuildConfiguration;
			buildSettings = {
				ALWAYS_SEARCH_USER_PATHS = NO;
				CLANG_CXX_LANGUAGE_STANDARD = "gnu++0x";
				CLANG_CXX_LIBRARY = "libc++";
				CLANG_ENABLE_MODULES = YES;
				CLANG_ENABLE_OBJC_ARC = YES;
				CLANG_WARN_BOOL_CONVERSION = YES;
				CLANG_WARN_CONSTANT_CONVERSION = YES;
				CLANG_WARN_DIRECT_OBJC_ISA_USAGE = YES_ERROR;
				CLANG_WARN_EMPTY_BODY = YES;
				CLANG_WARN_ENUM_CONVERSION = YES;
				CLANG_WARN_INT_CONVERSION = YES;
				CLANG_WARN_OBJC_ROOT_CLASS = YES_ERROR;
				CLANG_WARN_UNREACHABLE_CODE = YES;
				CLANG_WARN__DUPLICATE_METHOD_MATCH = YES;
				"CODE_SIGN_IDENTITY[sdk=iphoneos*]" = "iPhone Developer";
				COPY_PHASE_STRIP = NO;
				DEBUG_INFORMATION_FORMAT = "dwarf-with-dsym";
				ENABLE_STRICT_OBJC_MSGSEND = YES;
				GCC_C_LANGUAGE_STANDARD = gnu99;
				GCC_DYNAMIC_NO_PIC = NO;
				GCC_NO_COMMON_BLOCKS = YES;
				GCC_OPTIMIZATION_LEVEL = 0;
				GCC_PREPROCESSOR_DEFINITIONS = (
					"DEBUG=1",
					"$(inherited)",
				);
				GCC_SYMBOLS_PRIVATE_EXTERN = NO;
				GCC_WARN_64_TO_32_BIT_CONVERSION = YES;
				GCC_WARN_ABOUT_RETURN_TYPE = YES_ERROR;
				GCC_WARN_UNDECLARED_SELECTOR = YES;
				GCC_WARN_UNINITIALIZED_AUTOS = YES_AGGRESSIVE;
				GCC_WARN_UNUSED_FUNCTION = YES;
				GCC_WARN_UNUSED_VARIABLE = YES;
				IPHONEOS_DEPLOYMENT_TARGET = 8.3;
				MTL_ENABLE_DEBUG_INFO = YES;
				ONLY_ACTIVE_ARCH = YES;
				SDKROOT = iphoneos;
				SWIFT_OPTIMIZATION_LEVEL = "-Onone";
				TARGETED_DEVICE_FAMILY = "1,2";
			};
			name = Debug;
		};
		A9121A2D1B149EC7007375CD /* Release */ = {
			isa = XCBuildConfiguration;
			buildSettings = {
				ALWAYS_SEARCH_USER_PATHS = NO;
				CLANG_CXX_LANGUAGE_STANDARD = "gnu++0x";
				CLANG_CXX_LIBRARY = "libc++";
				CLANG_ENABLE_MODULES = YES;
				CLANG_ENABLE_OBJC_ARC = YES;
				CLANG_WARN_BOOL_CONVERSION = YES;
				CLANG_WARN_CONSTANT_CONVERSION = YES;
				CLANG_WARN_DIRECT_OBJC_ISA_USAGE = YES_ERROR;
				CLANG_WARN_EMPTY_BODY = YES;
				CLANG_WARN_ENUM_CONVERSION = YES;
				CLANG_WARN_INT_CONVERSION = YES;
				CLANG_WARN_OBJC_ROOT_CLASS = YES_ERROR;
				CLANG_WARN_UNREACHABLE_CODE = YES;
				CLANG_WARN__DUPLICATE_METHOD_MATCH = YES;
				"CODE_SIGN_IDENTITY[sdk=iphoneos*]" = "iPhone Developer";
				COPY_PHASE_STRIP = NO;
				DEBUG_INFORMATION_FORMAT = "dwarf-with-dsym";
				ENABLE_NS_ASSERTIONS = NO;
				ENABLE_STRICT_OBJC_MSGSEND = YES;
				GCC_C_LANGUAGE_STANDARD = gnu99;
				GCC_NO_COMMON_BLOCKS = YES;
				GCC_WARN_64_TO_32_BIT_CONVERSION = YES;
				GCC_WARN_ABOUT_RETURN_TYPE = YES_ERROR;
				GCC_WARN_UNDECLARED_SELECTOR = YES;
				GCC_WARN_UNINITIALIZED_AUTOS = YES_AGGRESSIVE;
				GCC_WARN_UNUSED_FUNCTION = YES;
				GCC_WARN_UNUSED_VARIABLE = YES;
				IPHONEOS_DEPLOYMENT_TARGET = 8.3;
				MTL_ENABLE_DEBUG_INFO = NO;
				SDKROOT = iphoneos;
				TARGETED_DEVICE_FAMILY = "1,2";
				VALIDATE_PRODUCT = YES;
			};
			name = Release;
		};
		A9121A2F1B149EC7007375CD /* Debug */ = {
			isa = XCBuildConfiguration;
			buildSettings = {
				ASSETCATALOG_COMPILER_APPICON_NAME = AppIcon;
				INFOPLIST_FILE = Smashtag/Info.plist;
				LD_RUNPATH_SEARCH_PATHS = "$(inherited) @executable_path/Frameworks";
				PRODUCT_NAME = "$(TARGET_NAME)";
			};
			name = Debug;
		};
		A9121A301B149EC7007375CD /* Release */ = {
			isa = XCBuildConfiguration;
			buildSettings = {
				ASSETCATALOG_COMPILER_APPICON_NAME = AppIcon;
				INFOPLIST_FILE = Smashtag/Info.plist;
				LD_RUNPATH_SEARCH_PATHS = "$(inherited) @executable_path/Frameworks";
				PRODUCT_NAME = "$(TARGET_NAME)";
			};
			name = Release;
		};
		A9121A321B149EC7007375CD /* Debug */ = {
			isa = XCBuildConfiguration;
			buildSettings = {
				BUNDLE_LOADER = "$(TEST_HOST)";
				FRAMEWORK_SEARCH_PATHS = (
					"$(SDKROOT)/Developer/Library/Frameworks",
					"$(inherited)",
				);
				GCC_PREPROCESSOR_DEFINITIONS = (
					"DEBUG=1",
					"$(inherited)",
				);
				INFOPLIST_FILE = SmashtagTests/Info.plist;
				LD_RUNPATH_SEARCH_PATHS = "$(inherited) @executable_path/Frameworks @loader_path/Frameworks";
				PRODUCT_NAME = "$(TARGET_NAME)";
				TEST_HOST = "$(BUILT_PRODUCTS_DIR)/Smashtag.app/Smashtag";
			};
			name = Debug;
		};
		A9121A331B149EC7007375CD /* Release */ = {
			isa = XCBuildConfiguration;
			buildSettings = {
				BUNDLE_LOADER = "$(TEST_HOST)";
				FRAMEWORK_SEARCH_PATHS = (
					"$(SDKROOT)/Developer/Library/Frameworks",
					"$(inherited)",
				);
				INFOPLIST_FILE = SmashtagTests/Info.plist;
				LD_RUNPATH_SEARCH_PATHS = "$(inherited) @executable_path/Frameworks @loader_path/Frameworks";
				PRODUCT_NAME = "$(TARGET_NAME)";
				TEST_HOST = "$(BUILT_PRODUCTS_DIR)/Smashtag.app/Smashtag";
			};
			name = Release;
		};
/* End XCBuildConfiguration section */

/* Begin XCConfigurationList section */
		A9121A0A1B149EC7007375CD /* Build configuration list for PBXProject "Smashtag" */ = {
			isa = XCConfigurationList;
			buildConfigurations = (
				A9121A2C1B149EC7007375CD /* Debug */,
				A9121A2D1B149EC7007375CD /* Release */,
			);
			defaultConfigurationIsVisible = 0;
			defaultConfigurationName = Release;
		};
		A9121A2E1B149EC7007375CD /* Build configuration list for PBXNativeTarget "Smashtag" */ = {
			isa = XCConfigurationList;
			buildConfigurations = (
				A9121A2F1B149EC7007375CD /* Debug */,
				A9121A301B149EC7007375CD /* Release */,
			);
			defaultConfigurationIsVisible = 0;
		};
		A9121A311B149EC7007375CD /* Build configuration list for PBXNativeTarget "SmashtagTests" */ = {
			isa = XCConfigurationList;
			buildConfigurations = (
				A9121A321B149EC7007375CD /* Debug */,
				A9121A331B149EC7007375CD /* Release */,
			);
			defaultConfigurationIsVisible = 0;
		};
/* End XCConfigurationList section */
	};
	rootObject = A9121A071B149EC7007375CD /* Project object */;
}
